
Microsoft Visual Studio Solution File, Format Version 12.00
# Visual Studio Version 17
VisualStudioVersion = 17.5.33530.505
MinimumVisualStudioVersion = 10.0.40219.1
Project("{FAE04EC0-301F-11D3-BF4B-00C04F79EFBC}") = "Web", "BlogProject.Web\Web.csproj", "{8FB15B8F-0AA0-483E-A5BD-42782F064B37}"
EndProject
Project("{FAE04EC0-301F-11D3-BF4B-00C04F79EFBC}") = "Entity", "Entities\Entity.csproj", "{A7D68483-4FB6-4CD1-9019-6B07D1FEC7A0}"
EndProject
Project("{FAE04EC0-301F-11D3-BF4B-00C04F79EFBC}") = "Data", "Data\Data.csproj", "{A1E5E858-F3F0-4F5D-998A-707DAAFD71B5}"
EndProject
Project("{FAE04EC0-301F-11D3-BF4B-00C04F79EFBC}") = "Service", "Service\Service.csproj", "{2492E636-5E92-48DB-8968-D0A87AACEED9}"
EndProject
Project("{FAE04EC0-301F-11D3-BF4B-00C04F79EFBC}") = "Core", "Core\Core.csproj", "{017138DF-2C17-42FD-9555-F02D908AE927}"
EndProject
Global
	GlobalSection(SolutionConfigurationPlatforms) = preSolution
		Debug|Any CPU = Debug|Any CPU
		Release|Any CPU = Release|Any CPU
	EndGlobalSection
	GlobalSection(ProjectConfigurationPlatforms) = postSolution
		{8FB15B8F-0AA0-483E-A5BD-42782F064B37}.Debug|Any CPU.ActiveCfg = Debug|Any CPU
		{8FB15B8F-0AA0-483E-A5BD-42782F064B37}.Debug|Any CPU.Build.0 = Debug|Any CPU
		{8FB15B8F-0AA0-483E-A5BD-42782F064B37}.Release|Any CPU.ActiveCfg = Release|Any CPU
		{8FB15B8F-0AA0-483E-A5BD-42782F064B37}.Release|Any CPU.Build.0 = Release|Any CPU
		{A7D68483-4FB6-4CD1-9019-6B07D1FEC7A0}.Debug|Any CPU.ActiveCfg = Debug|Any CPU
		{A7D68483-4FB6-4CD1-9019-6B07D1FEC7A0}.Debug|Any CPU.Build.0 = Debug|Any CPU
		{A7D68483-4FB6-4CD1-9019-6B07D1FEC7A0}.Release|Any CPU.ActiveCfg = Release|Any CPU
		{A7D68483-4FB6-4CD1-9019-6B07D1FEC7A0}.Release|Any CPU.Build.0 = Release|Any CPU
		{A1E5E858-F3F0-4F5D-998A-707DAAFD71B5}.Debug|Any CPU.ActiveCfg = Debug|Any CPU
		{A1E5E858-F3F0-4F5D-998A-707DAAFD71B5}.Debug|Any CPU.Build.0 = Debug|Any CPU
		{A1E5E858-F3F0-4F5D-998A-707DAAFD71B5}.Release|Any CPU.ActiveCfg = Release|Any CPU
		{A1E5E858-F3F0-4F5D-998A-707DAAFD71B5}.Release|Any CPU.Build.0 = Release|Any CPU
		{2492E636-5E92-48DB-8968-D0A87AACEED9}.Debug|Any CPU.ActiveCfg = Debug|Any CPU
		{2492E636-5E92-48DB-8968-D0A87AACEED9}.Debug|Any CPU.Build.0 = Debug|Any CPU
		{2492E636-5E92-48DB-8968-D0A87AACEED9}.Release|Any CPU.ActiveCfg = Release|Any CPU
		{2492E636-5E92-48DB-8968-D0A87AACEED9}.Release|Any CPU.Build.0 = Release|Any CPU
		{017138DF-2C17-42FD-9555-F02D908AE927}.Debug|Any CPU.ActiveCfg = Debug|Any CPU
		{017138DF-2C17-42FD-9555-F02D908AE927}.Debug|Any CPU.Build.0 = Debug|Any CPU
		{017138DF-2C17-42FD-9555-F02D908AE927}.Release|Any CPU.ActiveCfg = Release|Any CPU
		{017138DF-2C17-42FD-9555-F02D908AE927}.Release|Any CPU.Build.0 = Release|Any CPU
	EndGlobalSection
	GlobalSection(SolutionProperties) = preSolution
		HideSolutionNode = FALSE
	EndGlobalSection
	GlobalSection(ExtensibilityGlobals) = postSolution
		SolutionGuid = {7ADC519E-D9D6-46A7-88C6-F8B45D67B298}
	EndGlobalSection
EndGlobal
